
Microsoft Visual Studio Solution File, Format Version 12.00
# Visual Studio Version 17
VisualStudioVersion = 17.6.33723.286
MinimumVisualStudioVersion = 10.0.40219.1
Project("{FAE04EC0-301F-11D3-BF4B-00C04F79EFBC}") = "UrlShortner", "UrlShortner\UrlShortner.csproj", "{1D94761E-DA5A-4826-A894-5BFE2D80992B}"
EndProject
Global
	GlobalSection(SolutionConfigurationPlatforms) = preSolution
		Debug|Any CPU = Debug|Any CPU
		Release|Any CPU = Release|Any CPU
	EndGlobalSection
	GlobalSection(ProjectConfigurationPlatforms) = postSolution
		{1D94761E-DA5A-4826-A894-5BFE2D80992B}.Debug|Any CPU.ActiveCfg = Debug|Any CPU
		{1D94761E-DA5A-4826-A894-5BFE2D80992B}.Debug|Any CPU.Build.0 = Debug|Any CPU
		{1D94761E-DA5A-4826-A894-5BFE2D80992B}.Release|Any CPU.ActiveCfg = Release|Any CPU
		{1D94761E-DA5A-4826-A894-5BFE2D80992B}.Release|Any CPU.Build.0 = Release|Any CPU
	EndGlobalSection
	GlobalSection(SolutionProperties) = preSolution
		HideSolutionNode = FALSE
	EndGlobalSection
	GlobalSection(ExtensibilityGlobals) = postSolution
		SolutionGuid = {5EE79F35-88B2-4062-AEAB-335B2463F739}
	EndGlobalSection
EndGlobal
