
Microsoft Visual Studio Solution File, Format Version 12.00
# Visual Studio Version 17
VisualStudioVersion = 17.6.33723.286
MinimumVisualStudioVersion = 10.0.40219.1
Project("{9A19103F-16F7-4668-BE54-9A1E7A4F7556}") = "UrlShortner", "UrlShortner\UrlShortner.csproj", "{1D94761E-DA5A-4826-A894-5BFE2D80992B}"
EndProject
Project("{E53339B2-1760-4266-BCC7-CA923CBCF16C}") = "docker-compose", "docker-compose.dcproj", "{60C91560-DC82-409C-B760-72C749A64DA4}"
EndProject
Global
	GlobalSection(SolutionConfigurationPlatforms) = preSolution
		Debug|Any CPU = Debug|Any CPU
		Release|Any CPU = Release|Any CPU
	EndGlobalSection
	GlobalSection(ProjectConfigurationPlatforms) = postSolution
		{1D94761E-DA5A-4826-A894-5BFE2D80992B}.Debug|Any CPU.ActiveCfg = Debug|Any CPU
		{1D94761E-DA5A-4826-A894-5BFE2D80992B}.Debug|Any CPU.Build.0 = Debug|Any CPU
		{1D94761E-DA5A-4826-A894-5BFE2D80992B}.Release|Any CPU.ActiveCfg = Release|Any CPU
		{1D94761E-DA5A-4826-A894-5BFE2D80992B}.Release|Any CPU.Build.0 = Release|Any CPU
		{60C91560-DC82-409C-B760-72C749A64DA4}.Debug|Any CPU.ActiveCfg = Debug|Any CPU
		{60C91560-DC82-409C-B760-72C749A64DA4}.Debug|Any CPU.Build.0 = Debug|Any CPU
		{60C91560-DC82-409C-B760-72C749A64DA4}.Release|Any CPU.ActiveCfg = Release|Any CPU
		{60C91560-DC82-409C-B760-72C749A64DA4}.Release|Any CPU.Build.0 = Release|Any CPU
	EndGlobalSection
	GlobalSection(SolutionProperties) = preSolution
		HideSolutionNode = FALSE
	EndGlobalSection
	GlobalSection(ExtensibilityGlobals) = postSolution
		SolutionGuid = {5EE79F35-88B2-4062-AEAB-335B2463F739}
	EndGlobalSection
EndGlobal
